
Microsoft Visual Studio Solution File, Format Version 12.00
# Visual Studio 2012
Project("{FAE04EC0-301F-11D3-BF4B-00C04F79EFBC}") = "ToastSample", "ToastSample\ToastSample.csproj", "{34CB1438-3CB9-4FED-B605-401B71C498F5}"
EndProject
Project("{FAE04EC0-301F-11D3-BF4B-00C04F79EFBC}") = "ToastSample.iOS", "iOS\ToastSample.iOS.csproj", "{BA4A0CC1-EF2A-4A82-802A-3D55AA9DC748}"
EndProject
Project("{FAE04EC0-301F-11D3-BF4B-00C04F79EFBC}") = "ToastSample.Droid", "Droid\ToastSample.Droid.csproj", "{B2A358B9-CE6B-49D7-BB92-1F98C79ED80C}"
EndProject
Global
	GlobalSection(SolutionConfigurationPlatforms) = preSolution
		Debug|Any CPU = Debug|Any CPU
		Release|Any CPU = Release|Any CPU
		Debug|iPhoneSimulator = Debug|iPhoneSimulator
		Release|iPhone = Release|iPhone
		Release|iPhoneSimulator = Release|iPhoneSimulator
		Debug|iPhone = Debug|iPhone
	EndGlobalSection
	GlobalSection(ProjectConfigurationPlatforms) = postSolution
		{34CB1438-3CB9-4FED-B605-401B71C498F5}.Debug|Any CPU.ActiveCfg = Debug|Any CPU
		{34CB1438-3CB9-4FED-B605-401B71C498F5}.Debug|Any CPU.Build.0 = Debug|Any CPU
		{34CB1438-3CB9-4FED-B605-401B71C498F5}.Release|Any CPU.ActiveCfg = Release|Any CPU
		{34CB1438-3CB9-4FED-B605-401B71C498F5}.Release|Any CPU.Build.0 = Release|Any CPU
		{34CB1438-3CB9-4FED-B605-401B71C498F5}.Debug|iPhoneSimulator.ActiveCfg = Debug|Any CPU
		{34CB1438-3CB9-4FED-B605-401B71C498F5}.Debug|iPhoneSimulator.Build.0 = Debug|Any CPU
		{34CB1438-3CB9-4FED-B605-401B71C498F5}.Release|iPhone.ActiveCfg = Release|Any CPU
		{34CB1438-3CB9-4FED-B605-401B71C498F5}.Release|iPhone.Build.0 = Release|Any CPU
		{34CB1438-3CB9-4FED-B605-401B71C498F5}.Release|iPhoneSimulator.ActiveCfg = Release|Any CPU
		{34CB1438-3CB9-4FED-B605-401B71C498F5}.Release|iPhoneSimulator.Build.0 = Release|Any CPU
		{34CB1438-3CB9-4FED-B605-401B71C498F5}.Debug|iPhone.ActiveCfg = Debug|Any CPU
		{34CB1438-3CB9-4FED-B605-401B71C498F5}.Debug|iPhone.Build.0 = Debug|Any CPU
		{BA4A0CC1-EF2A-4A82-802A-3D55AA9DC748}.Debug|Any CPU.ActiveCfg = Debug|iPhoneSimulator
		{BA4A0CC1-EF2A-4A82-802A-3D55AA9DC748}.Debug|Any CPU.Build.0 = Debug|iPhoneSimulator
		{BA4A0CC1-EF2A-4A82-802A-3D55AA9DC748}.Release|Any CPU.ActiveCfg = Release|iPhone
		{BA4A0CC1-EF2A-4A82-802A-3D55AA9DC748}.Release|Any CPU.Build.0 = Release|iPhone
		{BA4A0CC1-EF2A-4A82-802A-3D55AA9DC748}.Debug|iPhoneSimulator.ActiveCfg = Debug|iPhoneSimulator
		{BA4A0CC1-EF2A-4A82-802A-3D55AA9DC748}.Debug|iPhoneSimulator.Build.0 = Debug|iPhoneSimulator
		{BA4A0CC1-EF2A-4A82-802A-3D55AA9DC748}.Release|iPhone.ActiveCfg = Release|iPhone
		{BA4A0CC1-EF2A-4A82-802A-3D55AA9DC748}.Release|iPhone.Build.0 = Release|iPhone
		{BA4A0CC1-EF2A-4A82-802A-3D55AA9DC748}.Release|iPhoneSimulator.ActiveCfg = Release|iPhoneSimulator
		{BA4A0CC1-EF2A-4A82-802A-3D55AA9DC748}.Release|iPhoneSimulator.Build.0 = Release|iPhoneSimulator
		{BA4A0CC1-EF2A-4A82-802A-3D55AA9DC748}.Debug|iPhone.ActiveCfg = Debug|iPhone
		{BA4A0CC1-EF2A-4A82-802A-3D55AA9DC748}.Debug|iPhone.Build.0 = Debug|iPhone
		{B2A358B9-CE6B-49D7-BB92-1F98C79ED80C}.Debug|Any CPU.ActiveCfg = Debug|Any CPU
		{B2A358B9-CE6B-49D7-BB92-1F98C79ED80C}.Debug|Any CPU.Build.0 = Debug|Any CPU
		{B2A358B9-CE6B-49D7-BB92-1F98C79ED80C}.Release|Any CPU.ActiveCfg = Release|Any CPU
		{B2A358B9-CE6B-49D7-BB92-1F98C79ED80C}.Release|Any CPU.Build.0 = Release|Any CPU
		{B2A358B9-CE6B-49D7-BB92-1F98C79ED80C}.Debug|iPhoneSimulator.ActiveCfg = Debug|Any CPU
		{B2A358B9-CE6B-49D7-BB92-1F98C79ED80C}.Debug|iPhoneSimulator.Build.0 = Debug|Any CPU
		{B2A358B9-CE6B-49D7-BB92-1F98C79ED80C}.Release|iPhone.ActiveCfg = Release|Any CPU
		{B2A358B9-CE6B-49D7-BB92-1F98C79ED80C}.Release|iPhone.Build.0 = Release|Any CPU
		{B2A358B9-CE6B-49D7-BB92-1F98C79ED80C}.Release|iPhoneSimulator.ActiveCfg = Release|Any CPU
		{B2A358B9-CE6B-49D7-BB92-1F98C79ED80C}.Release|iPhoneSimulator.Build.0 = Release|Any CPU
		{B2A358B9-CE6B-49D7-BB92-1F98C79ED80C}.Debug|iPhone.ActiveCfg = Debug|Any CPU
		{B2A358B9-CE6B-49D7-BB92-1F98C79ED80C}.Debug|iPhone.Build.0 = Debug|Any CPU
	EndGlobalSection
EndGlobal
